abuild-3.15.0-r1
abuild-sudo-3.15.0-r1
acl-libs-2.3.2-r1
alpine-baselayout-3.7.0-r0
alpine-baselayout-data-3.7.0-r0
alpine-keys-2.5-r0
alpine-release-3.22.4-r0
alpine-sdk-1.1-r0
apk-tools-2.14.9-r3
bash-5.2.37-r0
binutils-2.44-r3
brotli-libs-1.1.0-r2
bsd-compat-headers-0.7.2-r6
btrfs-progs-dev-6.14-r0
btrfs-progs-libs-6.14-r0
btrfs-progs-static-6.14-r0
build-base-0.5-r3
busybox-1.37.0-r20
busybox-binsh-1.37.0-r20
c-ares-1.34.8-r0
ca-certificates-20260413-r0
ca-certificates-bundle-20260413-r0
coreutils-9.7-r1
coreutils-env-9.7-r1
coreutils-fmt-9.7-r1
coreutils-sha512sum-9.7-r1
curl-8.14.1-r3
fakeroot-1.37.1.1-r0
file-5.46-r2
fortify-headers-1.1-r5
g++-14.2.0-r6
gawk-5.3.2-r2
gcc-14.2.0-r6
git-2.49.1-r0
git-init-template-2.49.1-r0
gmp-6.3.0-r3
isl26-0.26-r1
jansson-2.14.1-r0
jq-1.8.2-r0
libapk2-2.14.9-r3
libatomic-14.2.0-r6
libattr-2.5.2-r2
libcap-getcap-2.78-r0
libcap2-2.78-r0
libcrypto3-3.5.8-r0
libcurl-8.14.1-r3
libedit-20250104.3.1-r1
libedit-dev-20250104.3.1-r1
libexpat-2.8.4-r0
libffi-3.4.8-r0
libffi-dev-3.4.8-r0
libformw-6.5_p20250503-r0
libgcc-14.2.0-r6
libgomp-14.2.0-r6
libidn2-2.3.7-r0
libmagic-5.46-r2
libmenuw-6.5_p20250503-r0
libncurses++-6.5_p20250503-r0
libncursesw-6.5_p20250503-r0
libpanelw-6.5_p20250503-r0
libpcre2-16-10.46-r0
libpcre2-32-10.46-r0
libpsl-0.21.5-r3
libseccomp-2.6.0-r0
libseccomp-dev-2.6.0-r0
libseccomp-static-2.6.0-r0
libselinux-3.6-r1
libselinux-dev-3.6-r1
libsepol-3.6-r1
libsepol-dev-3.6-r1
libssl3-3.5.8-r0
libstdc++-14.2.0-r6
libstdc++-dev-14.2.0-r6
libunistring-1.3-r0
libuv-static-1.51.0-r0
linux-headers-6.14.2-r0
lz4-libs-1.10.0-r0
lzip-1.25-r0
lzo-2.10-r5
make-4.4.1-r3
mpc1-1.3.1-r1
mpfr4-4.2.1_p1-r0
musl-1.2.5-r12
musl-dev-1.2.5-r12
musl-fts-1.2.7-r6
musl-utils-1.2.5-r12
ncurses-dev-6.5_p20250503-r0
ncurses-terminfo-base-6.5_p20250503-r0
nghttp2-libs-1.69.0-r0
oniguruma-6.9.10-r0
openssl-3.5.8-r0
openssl-dev-3.5.8-r0
patch-2.8-r0
pcre2-10.46-r0
pcre2-dev-10.46-r0
pigz-2.8-r1
pkgconf-2.4.3-r0
readline-8.2.13-r1
scanelf-1.3.8-r1
skalibs-libs-2.14.4.0-r0
sqlite-3.49.2-r1
sqlite-dev-3.49.2-r1
sqlite-libs-3.49.2-r1
sqlite-static-3.49.2-r1
squashfs-tools-4.6.1-r1
ssl_client-1.37.0-r20
tar-1.35-r3
unzip-6.0-r15
utmps-libs-0.1.3.1-r0
xz-libs-5.8.4-r0
yq-go-4.47.2-r3
zip-3.0-r13
zlib-1.3.2-r0
zlib-dev-1.3.2-r0
zstd-1.5.7-r0
zstd-libs-1.5.7-r0
