# This file is automatically @generated by Cargo.
# It is not intended for manual editing.
version = 4

[[package]]
name = "oracle-model"
version = "0.1.0"

[[package]]
name = "oracles"
version = "0.1.0"
dependencies = [
 "oracle-model",
 "runtime",
]

[[package]]
name = "runtime"
version = "0.1.0"
dependencies = [
 "oracle-model",
]
