# This file is automatically @generated by Cargo.
# It is not intended for manual editing.
version = 4

[[package]]
name = "consonance-wasm-guest"
version = "0.1.0"
dependencies = [
 "hypercall-proto",
]

[[package]]
name = "harmony-sdk"
version = "0.1.0"
dependencies = [
 "hypercall-proto",
]

[[package]]
name = "hypercall-proto"
version = "0.1.0"

[[package]]
name = "nes-agent"
version = "0.1.0"
dependencies = [
 "harmony-sdk",
 "nes-protocol",
]

[[package]]
name = "nes-protocol"
version = "0.1.0"

[[package]]
name = "nes-wasm-play-agent"
version = "0.1.0"
dependencies = [
 "consonance-wasm-guest",
 "harmony-sdk",
 "hypercall-proto",
 "nes-agent",
]
