# This file is automatically @generated by Cargo.
# It is not intended for manual editing.
version = 4

[[package]]
name = "clocks"
version = "0.1.0"
dependencies = [
 "common",
]

[[package]]
name = "common"
version = "0.1.0"

[[package]]
name = "compute"
version = "0.1.0"
dependencies = [
 "common",
 "compute-core",
]

[[package]]
name = "compute-core"
version = "0.1.0"

[[package]]
name = "contract-data"
version = "0.1.0"

[[package]]
name = "features"
version = "0.1.0"
dependencies = [
 "common",
]

[[package]]
name = "harmony-sdk"
version = "0.1.0"
dependencies = [
 "hypercall-proto",
]

[[package]]
name = "hello"
version = "0.1.0"
dependencies = [
 "common",
]

[[package]]
name = "hypercall-doorbell"
version = "0.1.0"
dependencies = [
 "hypercall-proto",
]

[[package]]
name = "hypercall-proto"
version = "0.1.0"

[[package]]
name = "insn-cpuid"
version = "0.1.0"
dependencies = [
 "common",
 "contract-data",
]

[[package]]
name = "insn-hlt"
version = "0.1.0"
dependencies = [
 "common",
]

[[package]]
name = "insn-mwait"
version = "0.1.0"
dependencies = [
 "common",
]

[[package]]
name = "insn-rdpmc"
version = "0.1.0"
dependencies = [
 "common",
]

[[package]]
name = "insn-rdtsc"
version = "0.1.0"
dependencies = [
 "common",
]

[[package]]
name = "insn-rng"
version = "0.1.0"
dependencies = [
 "common",
]

[[package]]
name = "interrupts"
version = "0.1.0"
dependencies = [
 "common",
]

[[package]]
name = "irq-landing"
version = "0.1.0"
dependencies = [
 "common",
]

[[package]]
name = "irq-landing-rng"
version = "0.1.0"
dependencies = [
 "common",
]

[[package]]
name = "msr-allowed"
version = "0.1.0"
dependencies = [
 "common",
 "contract-data",
]

[[package]]
name = "msr-denied"
version = "0.1.0"
dependencies = [
 "common",
 "contract-data",
]

[[package]]
name = "pit-pic-stub"
version = "0.1.0"
dependencies = [
 "common",
]

[[package]]
name = "sdk-demo"
version = "0.1.0"
dependencies = [
 "common",
 "harmony-sdk",
 "hypercall-doorbell",
]
